# THIS IS AN AUTOGENERATED FILE. DO NOT EDIT THIS FILE DIRECTLY.
# yarn lockfile v1


"@editorjs/editorjs@^2.27.2":
  version "2.27.2"
  resolved "https://registry.yarnpkg.com/@editorjs/editorjs/-/editorjs-2.27.2.tgz#b27ff83bccc7c443fd62f05740acaa8b8f0cb785"
  integrity sha512-k4LavGJijAP0F1wATQ0fTo10xtBSny9z6yWaP3ANqqtyKr+pBMind5NQzckqYI0yPp31GObpcS/HsFGsFOGcug==
